// !$*UTF8*$!
{
	archiveVersion = 1;
	classes = {
	};
	objectVersion = 50;
	objects = {

/* Begin PBXBuildFile section */
		40EB40C3254706D8004AC5C5 /* AppDelegate.swift in Sources */ = {isa = PBXBuildFile; fileRef = 40EB40C2254706D8004AC5C5 /* AppDelegate.swift */; };
		40EB40CA254706D8004AC5C5 /* Main.storyboard in Resources */ = {isa = PBXBuildFile; fileRef = 40EB40C8254706D8004AC5C5 /* Main.storyboard */; };
		40EB40CC254706DA004AC5C5 /* Assets.xcassets in Resources */ = {isa = PBXBuildFile; fileRef = 40EB40CB254706DA004AC5C5 /* Assets.xcassets */; };
		40EB40CF254706DA004AC5C5 /* LaunchScreen.storyboard in Resources */ = {isa = PBXBuildFile; fileRef = 40EB40CD254706DA004AC5C5 /* LaunchScreen.storyboard */; };
		40EB40DA254B5FBF004AC5C5 /* SearchVideoVC.swift in Sources */ = {isa = PBXBuildFile; fileRef = 40EB40D9254B5FBF004AC5C5 /* SearchVideoVC.swift */; };
		40EB40DF254B6199004AC5C5 /* SearchVideoCell.swift in Sources */ = {isa = PBXBuildFile; fileRef = 40EB40DE254B6199004AC5C5 /* SearchVideoCell.swift */; };
		40EB40E3254B6D47004AC5C5 /* SceneDelegate.swift in Sources */ = {isa = PBXBuildFile; fileRef = 40EB40E2254B6D47004AC5C5 /* SceneDelegate.swift */; };
		40EB40E7254C2B75004AC5C5 /* NetworkService.swift in Sources */ = {isa = PBXBuildFile; fileRef = 40EB40E6254C2B75004AC5C5 /* NetworkService.swift */; };
		40EB40E9254C2B87004AC5C5 /* NetworkDataFetcher.swift in Sources */ = {isa = PBXBuildFile; fileRef = 40EB40E8254C2B87004AC5C5 /* NetworkDataFetcher.swift */; };
		40EB40EB254C2B91004AC5C5 /* DataFetcherService.swift in Sources */ = {isa = PBXBuildFile; fileRef = 40EB40EA254C2B91004AC5C5 /* DataFetcherService.swift */; };
		40EB40ED254C2C88004AC5C5 /* Constants.swift in Sources */ = {isa = PBXBuildFile; fileRef = 40EB40EC254C2C88004AC5C5 /* Constants.swift */; };
		40EB40EF254C3063004AC5C5 /* VideoModel.swift in Sources */ = {isa = PBXBuildFile; fileRef = 40EB40EE254C3063004AC5C5 /* VideoModel.swift */; };
		40EB40F3254C3D45004AC5C5 /* AppError.swift in Sources */ = {isa = PBXBuildFile; fileRef = 40EB40F2254C3D45004AC5C5 /* AppError.swift */; };
/* End PBXBuildFile section */

/* Begin PBXFileReference section */
		40EB40BF254706D8004AC5C5 /* TestApiClient.app */ = {isa = PBXFileReference; explicitFileType = wrapper.application; includeInIndex = 0; path = TestApiClient.app; sourceTree = BUILT_PRODUCTS_DIR; };
		40EB40C2254706D8004AC5C5 /* AppDelegate.swift */ = {isa = PBXFileReference; lastKnownFileType = sourcecode.swift; path = AppDelegate.swift; sourceTree = "<group>"; };
		40EB40C9254706D8004AC5C5 /* Base */ = {isa = PBXFileReference; lastKnownFileType = file.storyboard; name = Base; path = Base.lproj/Main.storyboard; sourceTree = "<group>"; };
		40EB40CB254706DA004AC5C5 /* Assets.xcassets */ = {isa = PBXFileReference; lastKnownFileType = folder.assetcatalog; path = Assets.xcassets; sourceTree = "<group>"; };
		40EB40CE254706DA004AC5C5 /* Base */ = {isa = PBXFileReference; lastKnownFileType = file.storyboard; name = Base; path = Base.lproj/LaunchScreen.storyboard; sourceTree = "<group>"; };
		40EB40D0254706DA004AC5C5 /* Info.plist */ = {isa = PBXFileReference; lastKnownFileType = text.plist.xml; path = Info.plist; sourceTree = "<group>"; };
		40EB40D9254B5FBF004AC5C5 /* SearchVideoVC.swift */ = {isa = PBXFileReference; lastKnownFileType = sourcecode.swift; path = SearchVideoVC.swift; sourceTree = "<group>"; };
		40EB40DE254B6199004AC5C5 /* SearchVideoCell.swift */ = {isa = PBXFileReference; lastKnownFileType = sourcecode.swift; path = SearchVideoCell.swift; sourceTree = "<group>"; };
		40EB40E2254B6D47004AC5C5 /* SceneDelegate.swift */ = {isa = PBXFileReference; fileEncoding = 4; lastKnownFileType = sourcecode.swift; path = SceneDelegate.swift; sourceTree = "<group>"; };
		40EB40E6254C2B75004AC5C5 /* NetworkService.swift */ = {isa = PBXFileReference; lastKnownFileType = sourcecode.swift; path = NetworkService.swift; sourceTree = "<group>"; };
		40EB40E8254C2B87004AC5C5 /* NetworkDataFetcher.swift */ = {isa = PBXFileReference; lastKnownFileType = sourcecode.swift; path = NetworkDataFetcher.swift; sourceTree = "<group>"; };
		40EB40EA254C2B91004AC5C5 /* DataFetcherService.swift */ = {isa = PBXFileReference; lastKnownFileType = sourcecode.swift; path = DataFetcherService.swift; sourceTree = "<group>"; };
		40EB40EC254C2C88004AC5C5 /* Constants.swift */ = {isa = PBXFileReference; lastKnownFileType = sourcecode.swift; path = Constants.swift; sourceTree = "<group>"; };
		40EB40EE254C3063004AC5C5 /* VideoModel.swift */ = {isa = PBXFileReference; lastKnownFileType = sourcecode.swift; path = VideoModel.swift; sourceTree = "<group>"; };
		40EB40F2254C3D45004AC5C5 /* AppError.swift */ = {isa = PBXFileReference; lastKnownFileType = sourcecode.swift; path = AppError.swift; sourceTree = "<group>"; };
/* End PBXFileReference section */

/* Begin PBXFrameworksBuildPhase section */
		40EB40BC254706D8004AC5C5 /* Frameworks */ = {
			isa = PBXFrameworksBuildPhase;
			buildActionMask = 2147483647;
			files = (
			);
			runOnlyForDeploymentPostprocessing = 0;
		};
/* End PBXFrameworksBuildPhase section */

/* Begin PBXGroup section */
		40EB40B6254706D8004AC5C5 = {
			isa = PBXGroup;
			children = (
				40EB40C1254706D8004AC5C5 /* TestApiClient */,
				40EB40C0254706D8004AC5C5 /* Products */,
			);
			sourceTree = "<group>";
		};
		40EB40C0254706D8004AC5C5 /* Products */ = {
			isa = PBXGroup;
			children = (
				40EB40BF254706D8004AC5C5 /* TestApiClient.app */,
			);
			name = Products;
			sourceTree = "<group>";
		};
		40EB40C1254706D8004AC5C5 /* TestApiClient */ = {
			isa = PBXGroup;
			children = (
				40EB40E0254B62F6004AC5C5 /* Rest */,
				40EB40D8254B5EA3004AC5C5 /* Model */,
				40EB40D6254B5DF1004AC5C5 /* UI */,
				40EB40D7254B5DFB004AC5C5 /* SupportingFiles */,
				40EB40C8254706D8004AC5C5 /* Main.storyboard */,
				40EB40E2254B6D47004AC5C5 /* SceneDelegate.swift */,
				40EB40CD254706DA004AC5C5 /* LaunchScreen.storyboard */,
			);
			path = TestApiClient;
			sourceTree = "<group>";
		};
		40EB40D6254B5DF1004AC5C5 /* UI */ = {
			isa = PBXGroup;
			children = (
				40EB40DC254B60D8004AC5C5 /* DetailVC */,
				40EB40DB254B60BE004AC5C5 /* SearchVideoVC */,
				40EB40D9254B5FBF004AC5C5 /* SearchVideoVC.swift */,
			);
			path = UI;
			sourceTree = "<group>";
		};
		40EB40D7254B5DFB004AC5C5 /* SupportingFiles */ = {
			isa = PBXGroup;
			children = (
				40EB40C2254706D8004AC5C5 /* AppDelegate.swift */,
				40EB40CB254706DA004AC5C5 /* Assets.xcassets */,
				40EB40D0254706DA004AC5C5 /* Info.plist */,
				40EB40EC254C2C88004AC5C5 /* Constants.swift */,
			);
			path = SupportingFiles;
			sourceTree = "<group>";
		};
		40EB40D8254B5EA3004AC5C5 /* Model */ = {
			isa = PBXGroup;
			children = (
				40EB40EE254C3063004AC5C5 /* VideoModel.swift */,
			);
			path = Model;
			sourceTree = "<group>";
		};
		40EB40DB254B60BE004AC5C5 /* SearchVideoVC */ = {
			isa = PBXGroup;
			children = (
				40EB40DD254B60E8004AC5C5 /* SearchVideoCell */,
			);
			path = SearchVideoVC;
			sourceTree = "<group>";
		};
		40EB40DC254B60D8004AC5C5 /* DetailVC */ = {
			isa = PBXGroup;
			children = (
			);
			path = DetailVC;
			sourceTree = "<group>";
		};
		40EB40DD254B60E8004AC5C5 /* SearchVideoCell */ = {
			isa = PBXGroup;
			children = (
				40EB40DE254B6199004AC5C5 /* SearchVideoCell.swift */,
			);
			path = SearchVideoCell;
			sourceTree = "<group>";
		};
		40EB40E0254B62F6004AC5C5 /* Rest */ = {
			isa = PBXGroup;
			children = (
				40EB40E1254B6331004AC5C5 /* Services */,
			);
			path = Rest;
			sourceTree = "<group>";
		};
		40EB40E1254B6331004AC5C5 /* Services */ = {
			isa = PBXGroup;
			children = (
				40EB40F2254C3D45004AC5C5 /* AppError.swift */,
				40EB40E6254C2B75004AC5C5 /* NetworkService.swift */,
				40EB40E8254C2B87004AC5C5 /* NetworkDataFetcher.swift */,
				40EB40EA254C2B91004AC5C5 /* DataFetcherService.swift */,
			);
			path = Services;
			sourceTree = "<group>";
		};
/* End PBXGroup section */

/* Begin PBXNativeTarget section */
		40EB40BE254706D8004AC5C5 /* TestApiClient */ = {
			isa = PBXNativeTarget;
			buildConfigurationList = 40EB40D3254706DA004AC5C5 /* Build configuration list for PBXNativeTarget "TestApiClient" */;
			buildPhases = (
				40EB40BB254706D8004AC5C5 /* Sources */,
				40EB40BC254706D8004AC5C5 /* Frameworks */,
				40EB40BD254706D8004AC5C5 /* Resources */,
			);
			buildRules = (
			);
			dependencies = (
			);
			name = TestApiClient;
			productName = TestApiClient;
			productReference = 40EB40BF254706D8004AC5C5 /* TestApiClient.app */;
			productType = "com.apple.product-type.application";
		};
/* End PBXNativeTarget section */

/* Begin PBXProject section */
		40EB40B7254706D8004AC5C5 /* Project object */ = {
			isa = PBXProject;
			attributes = {
				LastSwiftUpdateCheck = 1160;
				LastUpgradeCheck = 1160;
				ORGANIZATIONNAME = Bob;
				TargetAttributes = {
					40EB40BE254706D8004AC5C5 = {
						CreatedOnToolsVersion = 11.6;
					};
				};
			};
			buildConfigurationList = 40EB40BA254706D8004AC5C5 /* Build configuration list for PBXProject "TestApiClient" */;
			compatibilityVersion = "Xcode 9.3";
			developmentRegion = en;
			hasScannedForEncodings = 0;
			knownRegions = (
				en,
				Base,
			);
			mainGroup = 40EB40B6254706D8004AC5C5;
			productRefGroup = 40EB40C0254706D8004AC5C5 /* Products */;
			projectDirPath = "";
			projectRoot = "";
			targets = (
				40EB40BE254706D8004AC5C5 /* TestApiClient */,
			);
		};
/* End PBXProject section */

/* Begin PBXResourcesBuildPhase section */
		40EB40BD254706D8004AC5C5 /* Resources */ = {
			isa = PBXResourcesBuildPhase;
			buildActionMask = 2147483647;
			files = (
				40EB40CF254706DA004AC5C5 /* LaunchScreen.storyboard in Resources */,
				40EB40CC254706DA004AC5C5 /* Assets.xcassets in Resources */,
				40EB40CA254706D8004AC5C5 /* Main.storyboard in Resources */,
			);
			runOnlyForDeploymentPostprocessing = 0;
		};
/* End PBXResourcesBuildPhase section */

/* Begin PBXSourcesBuildPhase section */
		40EB40BB254706D8004AC5C5 /* Sources */ = {
			isa = PBXSourcesBuildPhase;
			buildActionMask = 2147483647;
			files = (
				40EB40E9254C2B87004AC5C5 /* NetworkDataFetcher.swift in Sources */,
				40EB40DF254B6199004AC5C5 /* SearchVideoCell.swift in Sources */,
				40EB40F3254C3D45004AC5C5 /* AppError.swift in Sources */,
				40EB40DA254B5FBF004AC5C5 /* SearchVideoVC.swift in Sources */,
				40EB40EF254C3063004AC5C5 /* VideoModel.swift in Sources */,
				40EB40C3254706D8004AC5C5 /* AppDelegate.swift in Sources */,
				40EB40E7254C2B75004AC5C5 /* NetworkService.swift in Sources */,
				40EB40E3254B6D47004AC5C5 /* SceneDelegate.swift in Sources */,
				40EB40EB254C2B91004AC5C5 /* DataFetcherService.swift in Sources */,
				40EB40ED254C2C88004AC5C5 /* Constants.swift in Sources */,
			);
			runOnlyForDeploymentPostprocessing = 0;
		};
/* End PBXSourcesBuildPhase section */

/* Begin PBXVariantGroup section */
		40EB40C8254706D8004AC5C5 /* Main.storyboard */ = {
			isa = PBXVariantGroup;
			children = (
				40EB40C9254706D8004AC5C5 /* Base */,
			);
			name = Main.storyboard;
			sourceTree = "<group>";
		};
		40EB40CD254706DA004AC5C5 /* LaunchScreen.storyboard */ = {
			isa = PBXVariantGroup;
			children = (
				40EB40CE254706DA004AC5C5 /* Base */,
			);
			name = LaunchScreen.storyboard;
			sourceTree = "<group>";
		};
/* End PBXVariantGroup section */

/* Begin XCBuildConfiguration section */
		40EB40D1254706DA004AC5C5 /* Debug */ = {
			isa = XCBuildConfiguration;
			buildSettings = {
				ALWAYS_SEARCH_USER_PATHS = NO;
				CLANG_ANALYZER_NONNULL = YES;
				CLANG_ANALYZER_NUMBER_OBJECT_CONVERSION = YES_AGGRESSIVE;
				CLANG_CXX_LANGUAGE_STANDARD = "gnu++14";
				CLANG_CXX_LIBRARY = "libc++";
				CLANG_ENABLE_MODULES = YES;
				CLANG_ENABLE_OBJC_ARC = YES;
				CLANG_ENABLE_OBJC_WEAK = YES;
				CLANG_WARN_BLOCK_CAPTURE_AUTORELEASING = YES;
				CLANG_WARN_BOOL_CONVERSION = YES;
				CLANG_WARN_COMMA = YES;
				CLANG_WARN_CONSTANT_CONVERSION = YES;
				CLANG_WARN_DEPRECATED_OBJC_IMPLEMENTATIONS = YES;
				CLANG_WARN_DIRECT_OBJC_ISA_USAGE = YES_ERROR;
				CLANG_WARN_DOCUMENTATION_COMMENTS = YES;
				CLANG_WARN_EMPTY_BODY = YES;
				CLANG_WARN_ENUM_CONVERSION = YES;
				CLANG_WARN_INFINITE_RECURSION = YES;
				CLANG_WARN_INT_CONVERSION = YES;
				CLANG_WARN_NON_LITERAL_NULL_CONVERSION = YES;
				CLANG_WARN_OBJC_IMPLICIT_RETAIN_SELF = YES;
				CLANG_WARN_OBJC_LITERAL_CONVERSION = YES;
				CLANG_WARN_OBJC_ROOT_CLASS = YES_ERROR;
				CLANG_WARN_RANGE_LOOP_ANALYSIS = YES;
				CLANG_WARN_STRICT_PROTOTYPES = YES;
				CLANG_WARN_SUSPICIOUS_MOVE = YES;
				CLANG_WARN_UNGUARDED_AVAILABILITY = YES_AGGRESSIVE;
				CLANG_WARN_UNREACHABLE_CODE = YES;
				CLANG_WARN__DUPLICATE_METHOD_MATCH = YES;
				COPY_PHASE_STRIP = NO;
				DEBUG_INFORMATION_FORMAT = dwarf;
				ENABLE_STRICT_OBJC_MSGSEND = YES;
				ENABLE_TESTABILITY = YES;
				GCC_C_LANGUAGE_STANDARD = gnu11;
				GCC_DYNAMIC_NO_PIC = NO;
				GCC_NO_COMMON_BLOCKS = YES;
				GCC_OPTIMIZATION_LEVEL = 0;
				GCC_PREPROCESSOR_DEFINITIONS = (
					"DEBUG=1",
					"$(inherited)",
				);
				GCC_WARN_64_TO_32_BIT_CONVERSION = YES;
				GCC_WARN_ABOUT_RETURN_TYPE = YES_ERROR;
				GCC_WARN_UNDECLARED_SELECTOR = YES;
				GCC_WARN_UNINITIALIZED_AUTOS = YES_AGGRESSIVE;
				GCC_WARN_UNUSED_FUNCTION = YES;
				GCC_WARN_UNUSED_VARIABLE = YES;
				IPHONEOS_DEPLOYMENT_TARGET = 13.6;
				MTL_ENABLE_DEBUG_INFO = INCLUDE_SOURCE;
				MTL_FAST_MATH = YES;
				ONLY_ACTIVE_ARCH = YES;
				SDKROOT = iphoneos;
				SWIFT_ACTIVE_COMPILATION_CONDITIONS = DEBUG;
				SWIFT_OPTIMIZATION_LEVEL = "-Onone";
			};
			name = Debug;
		};
		40EB40D2254706DA004AC5C5 /* Release */ = {
			isa = XCBuildConfiguration;
			buildSettings = {
				ALWAYS_SEARCH_USER_PATHS = NO;
				CLANG_ANALYZER_NONNULL = YES;
				CLANG_ANALYZER_NUMBER_OBJECT_CONVERSION = YES_AGGRESSIVE;
				CLANG_CXX_LANGUAGE_STANDARD = "gnu++14";
				CLANG_CXX_LIBRARY = "libc++";
				CLANG_ENABLE_MODULES = YES;
				CLANG_ENABLE_OBJC_ARC = YES;
				CLANG_ENABLE_OBJC_WEAK = YES;
				CLANG_WARN_BLOCK_CAPTURE_AUTORELEASING = YES;
				CLANG_WARN_BOOL_CONVERSION = YES;
				CLANG_WARN_COMMA = YES;
				CLANG_WARN_CONSTANT_CONVERSION = YES;
				CLANG_WARN_DEPRECATED_OBJC_IMPLEMENTATIONS = YES;
				CLANG_WARN_DIRECT_OBJC_ISA_USAGE = YES_ERROR;
				CLANG_WARN_DOCUMENTATION_COMMENTS = YES;
				CLANG_WARN_EMPTY_BODY = YES;
				CLANG_WARN_ENUM_CONVERSION = YES;
				CLANG_WARN_INFINITE_RECURSION = YES;
				CLANG_WARN_INT_CONVERSION = YES;
				CLANG_WARN_NON_LITERAL_NULL_CONVERSION = YES;
				CLANG_WARN_OBJC_IMPLICIT_RETAIN_SELF = YES;
				CLANG_WARN_OBJC_LITERAL_CONVERSION = YES;
				CLANG_WARN_OBJC_ROOT_CLASS = YES_ERROR;
				CLANG_WARN_RANGE_LOOP_ANALYSIS = YES;
				CLANG_WARN_STRICT_PROTOTYPES = YES;
				CLANG_WARN_SUSPICIOUS_MOVE = YES;
				CLANG_WARN_UNGUARDED_AVAILABILITY = YES_AGGRESSIVE;
				CLANG_WARN_UNREACHABLE_CODE = YES;
				CLANG_WARN__DUPLICATE_METHOD_MATCH = YES;
				COPY_PHASE_STRIP = NO;
				DEBUG_INFORMATION_FORMAT = "dwarf-with-dsym";
				ENABLE_NS_ASSERTIONS = NO;
				ENABLE_STRICT_OBJC_MSGSEND = YES;
				GCC_C_LANGUAGE_STANDARD = gnu11;
				GCC_NO_COMMON_BLOCKS = YES;
				GCC_WARN_64_TO_32_BIT_CONVERSION = YES;
				GCC_WARN_ABOUT_RETURN_TYPE = YES_ERROR;
				GCC_WARN_UNDECLARED_SELECTOR = YES;
				GCC_WARN_UNINITIALIZED_AUTOS = YES_AGGRESSIVE;
				GCC_WARN_UNUSED_FUNCTION = YES;
				GCC_WARN_UNUSED_VARIABLE = YES;
				IPHONEOS_DEPLOYMENT_TARGET = 13.6;
				MTL_ENABLE_DEBUG_INFO = NO;
				MTL_FAST_MATH = YES;
				SDKROOT = iphoneos;
				SWIFT_COMPILATION_MODE = wholemodule;
				SWIFT_OPTIMIZATION_LEVEL = "-O";
				VALIDATE_PRODUCT = YES;
			};
			name = Release;
		};
		40EB40D4254706DA004AC5C5 /* Debug */ = {
			isa = XCBuildConfiguration;
			buildSettings = {
				ASSETCATALOG_COMPILER_APPICON_NAME = AppIcon;
				CODE_SIGN_STYLE = Automatic;
				DEVELOPMENT_TEAM = RFCWAPK562;
				INFOPLIST_FILE = TestApiClient/SupportingFiles/Info.plist;
				IPHONEOS_DEPLOYMENT_TARGET = 13.0;
				LD_RUNPATH_SEARCH_PATHS = (
					"$(inherited)",
					"@executable_path/Frameworks",
				);
				PRODUCT_BUNDLE_IDENTIFIER = tawnysoul.TestApiClient;
				PRODUCT_NAME = "$(TARGET_NAME)";
				SWIFT_VERSION = 5.0;
				TARGETED_DEVICE_FAMILY = "1,2";
			};
			name = Debug;
		};
		40EB40D5254706DA004AC5C5 /* Release */ = {
			isa = XCBuildConfiguration;
			buildSettings = {
				ASSETCATALOG_COMPILER_APPICON_NAME = AppIcon;
				CODE_SIGN_STYLE = Automatic;
				DEVELOPMENT_TEAM = RFCWAPK562;
				INFOPLIST_FILE = TestApiClient/SupportingFiles/Info.plist;
				IPHONEOS_DEPLOYMENT_TARGET = 13.0;
				LD_RUNPATH_SEARCH_PATHS = (
					"$(inherited)",
					"@executable_path/Frameworks",
				);
				PRODUCT_BUNDLE_IDENTIFIER = tawnysoul.TestApiClient;
				PRODUCT_NAME = "$(TARGET_NAME)";
				SWIFT_VERSION = 5.0;
				TARGETED_DEVICE_FAMILY = "1,2";
			};
			name = Release;
		};
/* End XCBuildConfiguration section */

/* Begin XCConfigurationList section */
		40EB40BA254706D8004AC5C5 /* Build configuration list for PBXProject "TestApiClient" */ = {
			isa = XCConfigurationList;
			buildConfigurations = (
				40EB40D1254706DA004AC5C5 /* Debug */,
				40EB40D2254706DA004AC5C5 /* Release */,
			);
			defaultConfigurationIsVisible = 0;
			defaultConfigurationName = Release;
		};
		40EB40D3254706DA004AC5C5 /* Build configuration list for PBXNativeTarget "TestApiClient" */ = {
			isa = XCConfigurationList;
			buildConfigurations = (
				40EB40D4254706DA004AC5C5 /* Debug */,
				40EB40D5254706DA004AC5C5 /* Release */,
			);
			defaultConfigurationIsVisible = 0;
			defaultConfigurationName = Release;
		};
/* End XCConfigurationList section */
	};
	rootObject = 40EB40B7254706D8004AC5C5 /* Project object */;
}
